
Microsoft Visual Studio Solution File, Format Version 12.00
# Visual Studio Version 16
VisualStudioVersion = 16.0.31019.35
MinimumVisualStudioVersion = 10.0.40219.1
Project("{9A19103F-16F7-4668-BE54-9A1E7A4F7556}") = "LeetCode", "LeetCode\LeetCode.csproj", "{F1E36CEF-C62D-43ED-BA01-993705BA5880}"
EndProject
Project("{9A19103F-16F7-4668-BE54-9A1E7A4F7556}") = "DP", "DP\DP.csproj", "{E63EB4DD-B34A-4402-8F04-800C761B0E91}"
EndProject
Project("{9A19103F-16F7-4668-BE54-9A1E7A4F7556}") = "Graphs", "Graphs\Graphs.csproj", "{C7CCE3E5-412D-448F-97AB-AB477C41CFF0}"
EndProject
Project("{FAE04EC0-301F-11D3-BF4B-00C04F79EFBC}") = "HeapImplementation", "HeapImplementation\HeapImplementation.csproj", "{450737E2-FDA8-4044-9F32-69524504C147}"
EndProject
Global
	GlobalSection(SolutionConfigurationPlatforms) = preSolution
		Debug|Any CPU = Debug|Any CPU
		Release|Any CPU = Release|Any CPU
	EndGlobalSection
	GlobalSection(ProjectConfigurationPlatforms) = postSolution
		{F1E36CEF-C62D-43ED-BA01-993705BA5880}.Debug|Any CPU.ActiveCfg = Debug|Any CPU
		{F1E36CEF-C62D-43ED-BA01-993705BA5880}.Debug|Any CPU.Build.0 = Debug|Any CPU
		{F1E36CEF-C62D-43ED-BA01-993705BA5880}.Release|Any CPU.ActiveCfg = Release|Any CPU
		{F1E36CEF-C62D-43ED-BA01-993705BA5880}.Release|Any CPU.Build.0 = Release|Any CPU
		{E63EB4DD-B34A-4402-8F04-800C761B0E91}.Debug|Any CPU.ActiveCfg = Debug|Any CPU
		{E63EB4DD-B34A-4402-8F04-800C761B0E91}.Debug|Any CPU.Build.0 = Debug|Any CPU
		{E63EB4DD-B34A-4402-8F04-800C761B0E91}.Release|Any CPU.ActiveCfg = Release|Any CPU
		{E63EB4DD-B34A-4402-8F04-800C761B0E91}.Release|Any CPU.Build.0 = Release|Any CPU
		{C7CCE3E5-412D-448F-97AB-AB477C41CFF0}.Debug|Any CPU.ActiveCfg = Debug|Any CPU
		{C7CCE3E5-412D-448F-97AB-AB477C41CFF0}.Debug|Any CPU.Build.0 = Debug|Any CPU
		{C7CCE3E5-412D-448F-97AB-AB477C41CFF0}.Release|Any CPU.ActiveCfg = Release|Any CPU
		{C7CCE3E5-412D-448F-97AB-AB477C41CFF0}.Release|Any CPU.Build.0 = Release|Any CPU
		{450737E2-FDA8-4044-9F32-69524504C147}.Debug|Any CPU.ActiveCfg = Debug|Any CPU
		{450737E2-FDA8-4044-9F32-69524504C147}.Debug|Any CPU.Build.0 = Debug|Any CPU
		{450737E2-FDA8-4044-9F32-69524504C147}.Release|Any CPU.ActiveCfg = Release|Any CPU
		{450737E2-FDA8-4044-9F32-69524504C147}.Release|Any CPU.Build.0 = Release|Any CPU
	EndGlobalSection
	GlobalSection(SolutionProperties) = preSolution
		HideSolutionNode = FALSE
	EndGlobalSection
	GlobalSection(ExtensibilityGlobals) = postSolution
		SolutionGuid = {81945FAD-1949-4149-A3C9-7741C9866F8A}
	EndGlobalSection
EndGlobal
